
Microsoft Visual Studio Solution File, Format Version 12.00
# Visual Studio Version 16
VisualStudioVersion = 16.0.30011.22
MinimumVisualStudioVersion = 10.0.40219.1
Project("{FAE04EC0-301F-11D3-BF4B-00C04F79EFBC}") = "Teste_Pelo_VisualStudio", "Teste_Pelo_VisualStudio\Teste_Pelo_VisualStudio.csproj", "{2C8E249B-2912-4E53-812B-79D14780DBAD}"
EndProject
Global
	GlobalSection(SolutionConfigurationPlatforms) = preSolution
		Debug|Any CPU = Debug|Any CPU
		Release|Any CPU = Release|Any CPU
	EndGlobalSection
	GlobalSection(ProjectConfigurationPlatforms) = postSolution
		{2C8E249B-2912-4E53-812B-79D14780DBAD}.Debug|Any CPU.ActiveCfg = Debug|Any CPU
		{2C8E249B-2912-4E53-812B-79D14780DBAD}.Debug|Any CPU.Build.0 = Debug|Any CPU
		{2C8E249B-2912-4E53-812B-79D14780DBAD}.Release|Any CPU.ActiveCfg = Release|Any CPU
		{2C8E249B-2912-4E53-812B-79D14780DBAD}.Release|Any CPU.Build.0 = Release|Any CPU
	EndGlobalSection
	GlobalSection(SolutionProperties) = preSolution
		HideSolutionNode = FALSE
	EndGlobalSection
	GlobalSection(ExtensibilityGlobals) = postSolution
		SolutionGuid = {00C8D462-B6C9-452F-A04A-618A04902031}
	EndGlobalSection
EndGlobal
